// !$*UTF8*$!
{
	archiveVersion = 1;
	classes = {
	};
	objectVersion = 46;
	objects = {

/* Begin PBXBuildFile section */
		229B66851EBF0CE200F709FB /* AppDelegate.swift in Sources */ = {isa = PBXBuildFile; fileRef = 229B66841EBF0CE200F709FB /* AppDelegate.swift */; };
		229B66871EBF0CE200F709FB /* ViewController.swift in Sources */ = {isa = PBXBuildFile; fileRef = 229B66861EBF0CE200F709FB /* ViewController.swift */; };
		229B668A1EBF0CE200F709FB /* Main.storyboard in Resources */ = {isa = PBXBuildFile; fileRef = 229B66881EBF0CE200F709FB /* Main.storyboard */; };
		229B668F1EBF0CE200F709FB /* LaunchScreen.storyboard in Resources */ = {isa = PBXBuildFile; fileRef = 229B668D1EBF0CE200F709FB /* LaunchScreen.storyboard */; };
		229B66981EBF26DE00F709FB /* CalculatorModel.swift in Sources */ = {isa = PBXBuildFile; fileRef = 229B66971EBF26DE00F709FB /* CalculatorModel.swift */; };
		229B669A1EC2201800F709FB /* Images.xcassets in Resources */ = {isa = PBXBuildFile; fileRef = 229B66991EC2201800F709FB /* Images.xcassets */; };
/* End PBXBuildFile section */

/* Begin PBXFileReference section */
		229B66811EBF0CE200F709FB /* CalculatorWithUI.app */ = {isa = PBXFileReference; explicitFileType = wrapper.application; includeInIndex = 0; path = CalculatorWithUI.app; sourceTree = BUILT_PRODUCTS_DIR; };
		229B66841EBF0CE200F709FB /* AppDelegate.swift */ = {isa = PBXFileReference; lastKnownFileType = sourcecode.swift; path = AppDelegate.swift; sourceTree = "<group>"; };
		229B66861EBF0CE200F709FB /* ViewController.swift */ = {isa = PBXFileReference; lastKnownFileType = sourcecode.swift; path = ViewController.swift; sourceTree = "<group>"; };
		229B66891EBF0CE200F709FB /* Base */ = {isa = PBXFileReference; lastKnownFileType = file.storyboard; name = Base; path = Base.lproj/Main.storyboard; sourceTree = "<group>"; };
		229B668E1EBF0CE200F709FB /* Base */ = {isa = PBXFileReference; lastKnownFileType = file.storyboard; name = Base; path = Base.lproj/LaunchScreen.storyboard; sourceTree = "<group>"; };
		229B66901EBF0CE200F709FB /* Info.plist */ = {isa = PBXFileReference; lastKnownFileType = text.plist.xml; path = Info.plist; sourceTree = "<group>"; };
		229B66971EBF26DE00F709FB /* CalculatorModel.swift */ = {isa = PBXFileReference; fileEncoding = 4; lastKnownFileType = sourcecode.swift; path = CalculatorModel.swift; sourceTree = "<group>"; };
		229B66991EC2201800F709FB /* Images.xcassets */ = {isa = PBXFileReference; lastKnownFileType = folder.assetcatalog; name = Images.xcassets; path = ../Images.xcassets; sourceTree = "<group>"; };
/* End PBXFileReference section */

/* Begin PBXFrameworksBuildPhase section */
		229B667E1EBF0CE200F709FB /* Frameworks */ = {
			isa = PBXFrameworksBuildPhase;
			buildActionMask = 2147483647;
			files = (
			);
			runOnlyForDeploymentPostprocessing = 0;
		};
/* End PBXFrameworksBuildPhase section */

/* Begin PBXGroup section */
		229B66781EBF0CE200F709FB = {
			isa = PBXGroup;
			children = (
				229B66831EBF0CE200F709FB /* CalculatorWithUI */,
				229B66821EBF0CE200F709FB /* Products */,
			);
			sourceTree = "<group>";
		};
		229B66821EBF0CE200F709FB /* Products */ = {
			isa = PBXGroup;
			children = (
				229B66811EBF0CE200F709FB /* CalculatorWithUI.app */,
			);
			name = Products;
			sourceTree = "<group>";
		};
		229B66831EBF0CE200F709FB /* CalculatorWithUI */ = {
			isa = PBXGroup;
			children = (
				229B66961EBF0DE500F709FB /* Supporting files */,
				229B66861EBF0CE200F709FB /* ViewController.swift */,
				229B66881EBF0CE200F709FB /* Main.storyboard */,
				229B66971EBF26DE00F709FB /* CalculatorModel.swift */,
			);
			path = CalculatorWithUI;
			sourceTree = "<group>";
		};
		229B66961EBF0DE500F709FB /* Supporting files */ = {
			isa = PBXGroup;
			children = (
				229B66991EC2201800F709FB /* Images.xcassets */,
				229B66841EBF0CE200F709FB /* AppDelegate.swift */,
				229B668D1EBF0CE200F709FB /* LaunchScreen.storyboard */,
				229B66901EBF0CE200F709FB /* Info.plist */,
			);
			name = "Supporting files";
			sourceTree = "<group>";
		};
/* End PBXGroup section */

/* Begin PBXNativeTarget section */
		229B66801EBF0CE200F709FB /* CalculatorWithUI */ = {
			isa = PBXNativeTarget;
			buildConfigurationList = 229B66931EBF0CE200F709FB /* Build configuration list for PBXNativeTarget "CalculatorWithUI" */;
			buildPhases = (
				229B667D1EBF0CE200F709FB /* Sources */,
				229B667E1EBF0CE200F709FB /* Frameworks */,
				229B667F1EBF0CE200F709FB /* Resources */,
			);
			buildRules = (
			);
			dependencies = (
			);
			name = CalculatorWithUI;
			productName = CalculatorWithUI;
			productReference = 229B66811EBF0CE200F709FB /* CalculatorWithUI.app */;
			productType = "com.apple.product-type.application";
		};
/* End PBXNativeTarget section */

/* Begin PBXProject section */
		229B66791EBF0CE200F709FB /* Project object */ = {
			isa = PBXProject;
			attributes = {
				LastSwiftUpdateCheck = 0830;
				LastUpgradeCheck = 0830;
				ORGANIZATIONNAME = Juliya;
				TargetAttributes = {
					229B66801EBF0CE200F709FB = {
						CreatedOnToolsVersion = 8.3.2;
						ProvisioningStyle = Automatic;
					};
				};
			};
			buildConfigurationList = 229B667C1EBF0CE200F709FB /* Build configuration list for PBXProject "CalculatorWithUI" */;
			compatibilityVersion = "Xcode 3.2";
			developmentRegion = English;
			hasScannedForEncodings = 0;
			knownRegions = (
				en,
				Base,
			);
			mainGroup = 229B66781EBF0CE200F709FB;
			productRefGroup = 229B66821EBF0CE200F709FB /* Products */;
			projectDirPath = "";
			projectRoot = "";
			targets = (
				229B66801EBF0CE200F709FB /* CalculatorWithUI */,
			);
		};
/* End PBXProject section */

/* Begin PBXResourcesBuildPhase section */
		229B667F1EBF0CE200F709FB /* Resources */ = {
			isa = PBXResourcesBuildPhase;
			buildActionMask = 2147483647;
			files = (
				229B669A1EC2201800F709FB /* Images.xcassets in Resources */,
				229B668F1EBF0CE200F709FB /* LaunchScreen.storyboard in Resources */,
				229B668A1EBF0CE200F709FB /* Main.storyboard in Resources */,
			);
			runOnlyForDeploymentPostprocessing = 0;
		};
/* End PBXResourcesBuildPhase section */

/* Begin PBXSourcesBuildPhase section */
		229B667D1EBF0CE200F709FB /* Sources */ = {
			isa = PBXSourcesBuildPhase;
			buildActionMask = 2147483647;
			files = (
				229B66981EBF26DE00F709FB /* CalculatorModel.swift in Sources */,
				229B66871EBF0CE200F709FB /* ViewController.swift in Sources */,
				229B66851EBF0CE200F709FB /* AppDelegate.swift in Sources */,
			);
			runOnlyForDeploymentPostprocessing = 0;
		};
/* End PBXSourcesBuildPhase section */

/* Begin PBXVariantGroup section */
		229B66881EBF0CE200F709FB /* Main.storyboard */ = {
			isa = PBXVariantGroup;
			children = (
				229B66891EBF0CE200F709FB /* Base */,
			);
			name = Main.storyboard;
			sourceTree = "<group>";
		};
		229B668D1EBF0CE200F709FB /* LaunchScreen.storyboard */ = {
			isa = PBXVariantGroup;
			children = (
				229B668E1EBF0CE200F709FB /* Base */,
			);
			name = LaunchScreen.storyboard;
			sourceTree = "<group>";
		};
/* End PBXVariantGroup section */

/* Begin XCBuildConfiguration section */
		229B66911EBF0CE200F709FB /* Debug */ = {
			isa = XCBuildConfiguration;
			buildSettings = {
				ALWAYS_SEARCH_USER_PATHS = NO;
				CLANG_ANALYZER_NONNULL = YES;
				CLANG_ANALYZER_NUMBER_OBJECT_CONVERSION = YES_AGGRESSIVE;
				CLANG_CXX_LANGUAGE_STANDARD = "gnu++0x";
				CLANG_CXX_LIBRARY = "libc++";
				CLANG_ENABLE_MODULES = YES;
				CLANG_ENABLE_OBJC_ARC = YES;
				CLANG_WARN_BOOL_CONVERSION = YES;
				CLANG_WARN_CONSTANT_CONVERSION = YES;
				CLANG_WARN_DIRECT_OBJC_ISA_USAGE = YES_ERROR;
				CLANG_WARN_DOCUMENTATION_COMMENTS = YES;
				CLANG_WARN_EMPTY_BODY = YES;
				CLANG_WARN_ENUM_CONVERSION = YES;
				CLANG_WARN_INFINITE_RECURSION = YES;
				CLANG_WARN_INT_CONVERSION = YES;
				CLANG_WARN_OBJC_ROOT_CLASS = YES_ERROR;
				CLANG_WARN_SUSPICIOUS_MOVE = YES;
				CLANG_WARN_UNREACHABLE_CODE = YES;
				CLANG_WARN__DUPLICATE_METHOD_MATCH = YES;
				"CODE_SIGN_IDENTITY[sdk=iphoneos*]" = "iPhone Developer";
				COPY_PHASE_STRIP = NO;
				DEBUG_INFORMATION_FORMAT = dwarf;
				ENABLE_STRICT_OBJC_MSGSEND = YES;
				ENABLE_TESTABILITY = YES;
				GCC_C_LANGUAGE_STANDARD = gnu99;
				GCC_DYNAMIC_NO_PIC = NO;
				GCC_NO_COMMON_BLOCKS = YES;
				GCC_OPTIMIZATION_LEVEL = 0;
				GCC_PREPROCESSOR_DEFINITIONS = (
					"DEBUG=1",
					"$(inherited)",
				);
				GCC_WARN_64_TO_32_BIT_CONVERSION = YES;
				GCC_WARN_ABOUT_RETURN_TYPE = YES_ERROR;
				GCC_WARN_UNDECLARED_SELECTOR = YES;
				GCC_WARN_UNINITIALIZED_AUTOS = YES_AGGRESSIVE;
				GCC_WARN_UNUSED_FUNCTION = YES;
				GCC_WARN_UNUSED_VARIABLE = YES;
				IPHONEOS_DEPLOYMENT_TARGET = 10.3;
				MTL_ENABLE_DEBUG_INFO = YES;
				ONLY_ACTIVE_ARCH = YES;
				SDKROOT = iphoneos;
				SWIFT_ACTIVE_COMPILATION_CONDITIONS = DEBUG;
				SWIFT_OPTIMIZATION_LEVEL = "-Onone";
			};
			name = Debug;
		};
		229B66921EBF0CE200F709FB /* Release */ = {
			isa = XCBuildConfiguration;
			buildSettings = {
				ALWAYS_SEARCH_USER_PATHS = NO;
				CLANG_ANALYZER_NONNULL = YES;
				CLANG_ANALYZER_NUMBER_OBJECT_CONVERSION = YES_AGGRESSIVE;
				CLANG_CXX_LANGUAGE_STANDARD = "gnu++0x";
				CLANG_CXX_LIBRARY = "libc++";
				CLANG_ENABLE_MODULES = YES;
				CLANG_ENABLE_OBJC_ARC = YES;
				CLANG_WARN_BOOL_CONVERSION = YES;
				CLANG_WARN_CONSTANT_CONVERSION = YES;
				CLANG_WARN_DIRECT_OBJC_ISA_USAGE = YES_ERROR;
				CLANG_WARN_DOCUMENTATION_COMMENTS = YES;
				CLANG_WARN_EMPTY_BODY = YES;
				CLANG_WARN_ENUM_CONVERSION = YES;
				CLANG_WARN_INFINITE_RECURSION = YES;
				CLANG_WARN_INT_CONVERSION = YES;
				CLANG_WARN_OBJC_ROOT_CLASS = YES_ERROR;
				CLANG_WARN_SUSPICIOUS_MOVE = YES;
				CLANG_WARN_UNREACHABLE_CODE = YES;
				CLANG_WARN__DUPLICATE_METHOD_MATCH = YES;
				"CODE_SIGN_IDENTITY[sdk=iphoneos*]" = "iPhone Developer";
				COPY_PHASE_STRIP = NO;
				DEBUG_INFORMATION_FORMAT = "dwarf-with-dsym";
				ENABLE_NS_ASSERTIONS = NO;
				ENABLE_STRICT_OBJC_MSGSEND = YES;
				GCC_C_LANGUAGE_STANDARD = gnu99;
				GCC_NO_COMMON_BLOCKS = YES;
				GCC_WARN_64_TO_32_BIT_CONVERSION = YES;
				GCC_WARN_ABOUT_RETURN_TYPE = YES_ERROR;
				GCC_WARN_UNDECLARED_SELECTOR = YES;
				GCC_WARN_UNINITIALIZED_AUTOS = YES_AGGRESSIVE;
				GCC_WARN_UNUSED_FUNCTION = YES;
				GCC_WARN_UNUSED_VARIABLE = YES;
				IPHONEOS_DEPLOYMENT_TARGET = 10.3;
				MTL_ENABLE_DEBUG_INFO = NO;
				SDKROOT = iphoneos;
				SWIFT_OPTIMIZATION_LEVEL = "-Owholemodule";
				VALIDATE_PRODUCT = YES;
			};
			name = Release;
		};
		229B66941EBF0CE200F709FB /* Debug */ = {
			isa = XCBuildConfiguration;
			buildSettings = {
				ASSETCATALOG_COMPILER_APPICON_NAME = AppIcon;
				INFOPLIST_FILE = CalculatorWithUI/Info.plist;
				LD_RUNPATH_SEARCH_PATHS = "$(inherited) @executable_path/Frameworks";
				PRODUCT_BUNDLE_IDENTIFIER = tst.CalculatorWithUI;
				PRODUCT_NAME = "$(TARGET_NAME)";
				SWIFT_VERSION = 3.0;
			};
			name = Debug;
		};
		229B66951EBF0CE200F709FB /* Release */ = {
			isa = XCBuildConfiguration;
			buildSettings = {
				ASSETCATALOG_COMPILER_APPICON_NAME = AppIcon;
				INFOPLIST_FILE = CalculatorWithUI/Info.plist;
				LD_RUNPATH_SEARCH_PATHS = "$(inherited) @executable_path/Frameworks";
				PRODUCT_BUNDLE_IDENTIFIER = tst.CalculatorWithUI;
				PRODUCT_NAME = "$(TARGET_NAME)";
				SWIFT_VERSION = 3.0;
			};
			name = Release;
		};
/* End XCBuildConfiguration section */

/* Begin XCConfigurationList section */
		229B667C1EBF0CE200F709FB /* Build configuration list for PBXProject "CalculatorWithUI" */ = {
			isa = XCConfigurationList;
			buildConfigurations = (
				229B66911EBF0CE200F709FB /* Debug */,
				229B66921EBF0CE200F709FB /* Release */,
			);
			defaultConfigurationIsVisible = 0;
			defaultConfigurationName = Release;
		};
		229B66931EBF0CE200F709FB /* Build configuration list for PBXNativeTarget "CalculatorWithUI" */ = {
			isa = XCConfigurationList;
			buildConfigurations = (
				229B66941EBF0CE200F709FB /* Debug */,
				229B66951EBF0CE200F709FB /* Release */,
			);
			defaultConfigurationIsVisible = 0;
			defaultConfigurationName = Release;
		};
/* End XCConfigurationList section */
	};
	rootObject = 229B66791EBF0CE200F709FB /* Project object */;
}
