// !$*UTF8*$!
{
	archiveVersion = 1;
	classes = {
	};
	objectVersion = 46;
	objects = {

/* Begin PBXBuildFile section */
		22555B831EFBD547008AC205 /* GalleryTableViewCell.swift in Sources */ = {isa = PBXBuildFile; fileRef = 22555B821EFBD547008AC205 /* GalleryTableViewCell.swift */; };
		22555B851EFBD5C3008AC205 /* GalleryImage.swift in Sources */ = {isa = PBXBuildFile; fileRef = 22555B841EFBD5C3008AC205 /* GalleryImage.swift */; };
		22F96C581EFBD304000DF15B /* AppDelegate.swift in Sources */ = {isa = PBXBuildFile; fileRef = 22F96C571EFBD304000DF15B /* AppDelegate.swift */; };
		22F96C5A1EFBD304000DF15B /* ViewController.swift in Sources */ = {isa = PBXBuildFile; fileRef = 22F96C591EFBD304000DF15B /* ViewController.swift */; };
		22F96C5D1EFBD304000DF15B /* Main.storyboard in Resources */ = {isa = PBXBuildFile; fileRef = 22F96C5B1EFBD304000DF15B /* Main.storyboard */; };
		22F96C5F1EFBD304000DF15B /* Assets.xcassets in Resources */ = {isa = PBXBuildFile; fileRef = 22F96C5E1EFBD304000DF15B /* Assets.xcassets */; };
		22F96C621EFBD304000DF15B /* LaunchScreen.storyboard in Resources */ = {isa = PBXBuildFile; fileRef = 22F96C601EFBD304000DF15B /* LaunchScreen.storyboard */; };
		C53E9320E53408517C1821B4 /* Pods_GalleryProject.framework in Frameworks */ = {isa = PBXBuildFile; fileRef = F098A3A7035DD1756615D9CD /* Pods_GalleryProject.framework */; };
/* End PBXBuildFile section */

/* Begin PBXFileReference section */
		22555B821EFBD547008AC205 /* GalleryTableViewCell.swift */ = {isa = PBXFileReference; fileEncoding = 4; lastKnownFileType = sourcecode.swift; path = GalleryTableViewCell.swift; sourceTree = "<group>"; };
		22555B841EFBD5C3008AC205 /* GalleryImage.swift */ = {isa = PBXFileReference; fileEncoding = 4; lastKnownFileType = sourcecode.swift; path = GalleryImage.swift; sourceTree = "<group>"; };
		22F96C541EFBD304000DF15B /* GalleryProject.app */ = {isa = PBXFileReference; explicitFileType = wrapper.application; includeInIndex = 0; path = GalleryProject.app; sourceTree = BUILT_PRODUCTS_DIR; };
		22F96C571EFBD304000DF15B /* AppDelegate.swift */ = {isa = PBXFileReference; lastKnownFileType = sourcecode.swift; path = AppDelegate.swift; sourceTree = "<group>"; };
		22F96C591EFBD304000DF15B /* ViewController.swift */ = {isa = PBXFileReference; lastKnownFileType = sourcecode.swift; path = ViewController.swift; sourceTree = "<group>"; };
		22F96C5C1EFBD304000DF15B /* Base */ = {isa = PBXFileReference; lastKnownFileType = file.storyboard; name = Base; path = Base.lproj/Main.storyboard; sourceTree = "<group>"; };
		22F96C5E1EFBD304000DF15B /* Assets.xcassets */ = {isa = PBXFileReference; lastKnownFileType = folder.assetcatalog; path = Assets.xcassets; sourceTree = "<group>"; };
		22F96C611EFBD304000DF15B /* Base */ = {isa = PBXFileReference; lastKnownFileType = file.storyboard; name = Base; path = Base.lproj/LaunchScreen.storyboard; sourceTree = "<group>"; };
		22F96C631EFBD304000DF15B /* Info.plist */ = {isa = PBXFileReference; lastKnownFileType = text.plist.xml; path = Info.plist; sourceTree = "<group>"; };
		C617030D84B63E50DC650387 /* Pods-GalleryProject.release.xcconfig */ = {isa = PBXFileReference; includeInIndex = 1; lastKnownFileType = text.xcconfig; name = "Pods-GalleryProject.release.xcconfig"; path = "Pods/Target Support Files/Pods-GalleryProject/Pods-GalleryProject.release.xcconfig"; sourceTree = "<group>"; };
		D25D43D239577A080F5FBC68 /* Pods-GalleryProject.debug.xcconfig */ = {isa = PBXFileReference; includeInIndex = 1; lastKnownFileType = text.xcconfig; name = "Pods-GalleryProject.debug.xcconfig"; path = "Pods/Target Support Files/Pods-GalleryProject/Pods-GalleryProject.debug.xcconfig"; sourceTree = "<group>"; };
		F098A3A7035DD1756615D9CD /* Pods_GalleryProject.framework */ = {isa = PBXFileReference; explicitFileType = wrapper.framework; includeInIndex = 0; path = Pods_GalleryProject.framework; sourceTree = BUILT_PRODUCTS_DIR; };
/* End PBXFileReference section */

/* Begin PBXFrameworksBuildPhase section */
		22F96C511EFBD304000DF15B /* Frameworks */ = {
			isa = PBXFrameworksBuildPhase;
			buildActionMask = 2147483647;
			files = (
				C53E9320E53408517C1821B4 /* Pods_GalleryProject.framework in Frameworks */,
			);
			runOnlyForDeploymentPostprocessing = 0;
		};
/* End PBXFrameworksBuildPhase section */

/* Begin PBXGroup section */
		22F96C4B1EFBD304000DF15B = {
			isa = PBXGroup;
			children = (
				22F96C561EFBD304000DF15B /* GalleryProject */,
				22F96C551EFBD304000DF15B /* Products */,
				2BF33A83BEE6767E594A002C /* Pods */,
				9BEE9AF50B59B4FBB5D0BB0A /* Frameworks */,
			);
			sourceTree = "<group>";
		};
		22F96C551EFBD304000DF15B /* Products */ = {
			isa = PBXGroup;
			children = (
				22F96C541EFBD304000DF15B /* GalleryProject.app */,
			);
			name = Products;
			sourceTree = "<group>";
		};
		22F96C561EFBD304000DF15B /* GalleryProject */ = {
			isa = PBXGroup;
			children = (
				22F96C571EFBD304000DF15B /* AppDelegate.swift */,
				22F96C591EFBD304000DF15B /* ViewController.swift */,
				22555B821EFBD547008AC205 /* GalleryTableViewCell.swift */,
				22555B841EFBD5C3008AC205 /* GalleryImage.swift */,
				22F96C5B1EFBD304000DF15B /* Main.storyboard */,
				22F96C5E1EFBD304000DF15B /* Assets.xcassets */,
				22F96C601EFBD304000DF15B /* LaunchScreen.storyboard */,
				22F96C631EFBD304000DF15B /* Info.plist */,
			);
			path = GalleryProject;
			sourceTree = "<group>";
		};
		2BF33A83BEE6767E594A002C /* Pods */ = {
			isa = PBXGroup;
			children = (
				D25D43D239577A080F5FBC68 /* Pods-GalleryProject.debug.xcconfig */,
				C617030D84B63E50DC650387 /* Pods-GalleryProject.release.xcconfig */,
			);
			name = Pods;
			sourceTree = "<group>";
		};
		9BEE9AF50B59B4FBB5D0BB0A /* Frameworks */ = {
			isa = PBXGroup;
			children = (
				F098A3A7035DD1756615D9CD /* Pods_GalleryProject.framework */,
			);
			name = Frameworks;
			sourceTree = "<group>";
		};
/* End PBXGroup section */

/* Begin PBXNativeTarget section */
		22F96C531EFBD304000DF15B /* GalleryProject */ = {
			isa = PBXNativeTarget;
			buildConfigurationList = 22F96C661EFBD304000DF15B /* Build configuration list for PBXNativeTarget "GalleryProject" */;
			buildPhases = (
				C46BAAEC817196DC8FFA7EDE /* [CP] Check Pods Manifest.lock */,
				22F96C501EFBD304000DF15B /* Sources */,
				22F96C511EFBD304000DF15B /* Frameworks */,
				22F96C521EFBD304000DF15B /* Resources */,
				2E5E02D13F54749B5C833E51 /* [CP] Embed Pods Frameworks */,
				38F64B162EC89636E27E4FE5 /* [CP] Copy Pods Resources */,
			);
			buildRules = (
			);
			dependencies = (
			);
			name = GalleryProject;
			productName = GalleryProject;
			productReference = 22F96C541EFBD304000DF15B /* GalleryProject.app */;
			productType = "com.apple.product-type.application";
		};
/* End PBXNativeTarget section */

/* Begin PBXProject section */
		22F96C4C1EFBD304000DF15B /* Project object */ = {
			isa = PBXProject;
			attributes = {
				LastSwiftUpdateCheck = 0830;
				LastUpgradeCheck = 0830;
				ORGANIZATIONNAME = Juliya;
				TargetAttributes = {
					22F96C531EFBD304000DF15B = {
						CreatedOnToolsVersion = 8.3.3;
						ProvisioningStyle = Automatic;
					};
				};
			};
			buildConfigurationList = 22F96C4F1EFBD304000DF15B /* Build configuration list for PBXProject "GalleryProject" */;
			compatibilityVersion = "Xcode 3.2";
			developmentRegion = English;
			hasScannedForEncodings = 0;
			knownRegions = (
				en,
				Base,
			);
			mainGroup = 22F96C4B1EFBD304000DF15B;
			productRefGroup = 22F96C551EFBD304000DF15B /* Products */;
			projectDirPath = "";
			projectRoot = "";
			targets = (
				22F96C531EFBD304000DF15B /* GalleryProject */,
			);
		};
/* End PBXProject section */

/* Begin PBXResourcesBuildPhase section */
		22F96C521EFBD304000DF15B /* Resources */ = {
			isa = PBXResourcesBuildPhase;
			buildActionMask = 2147483647;
			files = (
				22F96C621EFBD304000DF15B /* LaunchScreen.storyboard in Resources */,
				22F96C5F1EFBD304000DF15B /* Assets.xcassets in Resources */,
				22F96C5D1EFBD304000DF15B /* Main.storyboard in Resources */,
			);
			runOnlyForDeploymentPostprocessing = 0;
		};
/* End PBXResourcesBuildPhase section */

/* Begin PBXShellScriptBuildPhase section */
		2E5E02D13F54749B5C833E51 /* [CP] Embed Pods Frameworks */ = {
			isa = PBXShellScriptBuildPhase;
			buildActionMask = 2147483647;
			files = (
			);
			inputPaths = (
			);
			name = "[CP] Embed Pods Frameworks";
			outputPaths = (
			);
			runOnlyForDeploymentPostprocessing = 0;
			shellPath = /bin/sh;
			shellScript = "\"${SRCROOT}/Pods/Target Support Files/Pods-GalleryProject/Pods-GalleryProject-frameworks.sh\"\n";
			showEnvVarsInLog = 0;
		};
		38F64B162EC89636E27E4FE5 /* [CP] Copy Pods Resources */ = {
			isa = PBXShellScriptBuildPhase;
			buildActionMask = 2147483647;
			files = (
			);
			inputPaths = (
			);
			name = "[CP] Copy Pods Resources";
			outputPaths = (
			);
			runOnlyForDeploymentPostprocessing = 0;
			shellPath = /bin/sh;
			shellScript = "\"${SRCROOT}/Pods/Target Support Files/Pods-GalleryProject/Pods-GalleryProject-resources.sh\"\n";
			showEnvVarsInLog = 0;
		};
		C46BAAEC817196DC8FFA7EDE /* [CP] Check Pods Manifest.lock */ = {
			isa = PBXShellScriptBuildPhase;
			buildActionMask = 2147483647;
			files = (
			);
			inputPaths = (
			);
			name = "[CP] Check Pods Manifest.lock";
			outputPaths = (
			);
			runOnlyForDeploymentPostprocessing = 0;
			shellPath = /bin/sh;
			shellScript = "diff \"${PODS_PODFILE_DIR_PATH}/Podfile.lock\" \"${PODS_ROOT}/Manifest.lock\" > /dev/null\nif [ $? != 0 ] ; then\n    # print error to STDERR\n    echo \"error: The sandbox is not in sync with the Podfile.lock. Run 'pod install' or update your CocoaPods installation.\" >&2\n    exit 1\nfi\n";
			showEnvVarsInLog = 0;
		};
/* End PBXShellScriptBuildPhase section */

/* Begin PBXSourcesBuildPhase section */
		22F96C501EFBD304000DF15B /* Sources */ = {
			isa = PBXSourcesBuildPhase;
			buildActionMask = 2147483647;
			files = (
				22555B851EFBD5C3008AC205 /* GalleryImage.swift in Sources */,
				22F96C5A1EFBD304000DF15B /* ViewController.swift in Sources */,
				22F96C581EFBD304000DF15B /* AppDelegate.swift in Sources */,
				22555B831EFBD547008AC205 /* GalleryTableViewCell.swift in Sources */,
			);
			runOnlyForDeploymentPostprocessing = 0;
		};
/* End PBXSourcesBuildPhase section */

/* Begin PBXVariantGroup section */
		22F96C5B1EFBD304000DF15B /* Main.storyboard */ = {
			isa = PBXVariantGroup;
			children = (
				22F96C5C1EFBD304000DF15B /* Base */,
			);
			name = Main.storyboard;
			sourceTree = "<group>";
		};
		22F96C601EFBD304000DF15B /* LaunchScreen.storyboard */ = {
			isa = PBXVariantGroup;
			children = (
				22F96C611EFBD304000DF15B /* Base */,
			);
			name = LaunchScreen.storyboard;
			sourceTree = "<group>";
		};
/* End PBXVariantGroup section */

/* Begin XCBuildConfiguration section */
		22F96C641EFBD304000DF15B /* Debug */ = {
			isa = XCBuildConfiguration;
			buildSettings = {
				ALWAYS_SEARCH_USER_PATHS = NO;
				CLANG_ANALYZER_NONNULL = YES;
				CLANG_ANALYZER_NUMBER_OBJECT_CONVERSION = YES_AGGRESSIVE;
				CLANG_CXX_LANGUAGE_STANDARD = "gnu++0x";
				CLANG_CXX_LIBRARY = "libc++";
				CLANG_ENABLE_MODULES = YES;
				CLANG_ENABLE_OBJC_ARC = YES;
				CLANG_WARN_BOOL_CONVERSION = YES;
				CLANG_WARN_CONSTANT_CONVERSION = YES;
				CLANG_WARN_DIRECT_OBJC_ISA_USAGE = YES_ERROR;
				CLANG_WARN_DOCUMENTATION_COMMENTS = YES;
				CLANG_WARN_EMPTY_BODY = YES;
				CLANG_WARN_ENUM_CONVERSION = YES;
				CLANG_WARN_INFINITE_RECURSION = YES;
				CLANG_WARN_INT_CONVERSION = YES;
				CLANG_WARN_OBJC_ROOT_CLASS = YES_ERROR;
				CLANG_WARN_SUSPICIOUS_MOVE = YES;
				CLANG_WARN_UNREACHABLE_CODE = YES;
				CLANG_WARN__DUPLICATE_METHOD_MATCH = YES;
				"CODE_SIGN_IDENTITY[sdk=iphoneos*]" = "iPhone Developer";
				COPY_PHASE_STRIP = NO;
				DEBUG_INFORMATION_FORMAT = dwarf;
				ENABLE_STRICT_OBJC_MSGSEND = YES;
				ENABLE_TESTABILITY = YES;
				GCC_C_LANGUAGE_STANDARD = gnu99;
				GCC_DYNAMIC_NO_PIC = NO;
				GCC_NO_COMMON_BLOCKS = YES;
				GCC_OPTIMIZATION_LEVEL = 0;
				GCC_PREPROCESSOR_DEFINITIONS = (
					"DEBUG=1",
					"$(inherited)",
				);
				GCC_WARN_64_TO_32_BIT_CONVERSION = YES;
				GCC_WARN_ABOUT_RETURN_TYPE = YES_ERROR;
				GCC_WARN_UNDECLARED_SELECTOR = YES;
				GCC_WARN_UNINITIALIZED_AUTOS = YES_AGGRESSIVE;
				GCC_WARN_UNUSED_FUNCTION = YES;
				GCC_WARN_UNUSED_VARIABLE = YES;
				IPHONEOS_DEPLOYMENT_TARGET = 10.3;
				MTL_ENABLE_DEBUG_INFO = YES;
				ONLY_ACTIVE_ARCH = YES;
				SDKROOT = iphoneos;
				SWIFT_ACTIVE_COMPILATION_CONDITIONS = DEBUG;
				SWIFT_OPTIMIZATION_LEVEL = "-Onone";
			};
			name = Debug;
		};
		22F96C651EFBD304000DF15B /* Release */ = {
			isa = XCBuildConfiguration;
			buildSettings = {
				ALWAYS_SEARCH_USER_PATHS = NO;
				CLANG_ANALYZER_NONNULL = YES;
				CLANG_ANALYZER_NUMBER_OBJECT_CONVERSION = YES_AGGRESSIVE;
				CLANG_CXX_LANGUAGE_STANDARD = "gnu++0x";
				CLANG_CXX_LIBRARY = "libc++";
				CLANG_ENABLE_MODULES = YES;
				CLANG_ENABLE_OBJC_ARC = YES;
				CLANG_WARN_BOOL_CONVERSION = YES;
				CLANG_WARN_CONSTANT_CONVERSION = YES;
				CLANG_WARN_DIRECT_OBJC_ISA_USAGE = YES_ERROR;
				CLANG_WARN_DOCUMENTATION_COMMENTS = YES;
				CLANG_WARN_EMPTY_BODY = YES;
				CLANG_WARN_ENUM_CONVERSION = YES;
				CLANG_WARN_INFINITE_RECURSION = YES;
				CLANG_WARN_INT_CONVERSION = YES;
				CLANG_WARN_OBJC_ROOT_CLASS = YES_ERROR;
				CLANG_WARN_SUSPICIOUS_MOVE = YES;
				CLANG_WARN_UNREACHABLE_CODE = YES;
				CLANG_WARN__DUPLICATE_METHOD_MATCH = YES;
				"CODE_SIGN_IDENTITY[sdk=iphoneos*]" = "iPhone Developer";
				COPY_PHASE_STRIP = NO;
				DEBUG_INFORMATION_FORMAT = "dwarf-with-dsym";
				ENABLE_NS_ASSERTIONS = NO;
				ENABLE_STRICT_OBJC_MSGSEND = YES;
				GCC_C_LANGUAGE_STANDARD = gnu99;
				GCC_NO_COMMON_BLOCKS = YES;
				GCC_WARN_64_TO_32_BIT_CONVERSION = YES;
				GCC_WARN_ABOUT_RETURN_TYPE = YES_ERROR;
				GCC_WARN_UNDECLARED_SELECTOR = YES;
				GCC_WARN_UNINITIALIZED_AUTOS = YES_AGGRESSIVE;
				GCC_WARN_UNUSED_FUNCTION = YES;
				GCC_WARN_UNUSED_VARIABLE = YES;
				IPHONEOS_DEPLOYMENT_TARGET = 10.3;
				MTL_ENABLE_DEBUG_INFO = NO;
				SDKROOT = iphoneos;
				SWIFT_OPTIMIZATION_LEVEL = "-Owholemodule";
				VALIDATE_PRODUCT = YES;
			};
			name = Release;
		};
		22F96C671EFBD304000DF15B /* Debug */ = {
			isa = XCBuildConfiguration;
			baseConfigurationReference = D25D43D239577A080F5FBC68 /* Pods-GalleryProject.debug.xcconfig */;
			buildSettings = {
				ASSETCATALOG_COMPILER_APPICON_NAME = AppIcon;
				INFOPLIST_FILE = GalleryProject/Info.plist;
				LD_RUNPATH_SEARCH_PATHS = "$(inherited) @executable_path/Frameworks";
				PRODUCT_BUNDLE_IDENTIFIER = tst.GalleryProject;
				PRODUCT_NAME = "$(TARGET_NAME)";
				SWIFT_VERSION = 3.0;
			};
			name = Debug;
		};
		22F96C681EFBD304000DF15B /* Release */ = {
			isa = XCBuildConfiguration;
			baseConfigurationReference = C617030D84B63E50DC650387 /* Pods-GalleryProject.release.xcconfig */;
			buildSettings = {
				ASSETCATALOG_COMPILER_APPICON_NAME = AppIcon;
				INFOPLIST_FILE = GalleryProject/Info.plist;
				LD_RUNPATH_SEARCH_PATHS = "$(inherited) @executable_path/Frameworks";
				PRODUCT_BUNDLE_IDENTIFIER = tst.GalleryProject;
				PRODUCT_NAME = "$(TARGET_NAME)";
				SWIFT_VERSION = 3.0;
			};
			name = Release;
		};
/* End XCBuildConfiguration section */

/* Begin XCConfigurationList section */
		22F96C4F1EFBD304000DF15B /* Build configuration list for PBXProject "GalleryProject" */ = {
			isa = XCConfigurationList;
			buildConfigurations = (
				22F96C641EFBD304000DF15B /* Debug */,
				22F96C651EFBD304000DF15B /* Release */,
			);
			defaultConfigurationIsVisible = 0;
			defaultConfigurationName = Release;
		};
		22F96C661EFBD304000DF15B /* Build configuration list for PBXNativeTarget "GalleryProject" */ = {
			isa = XCConfigurationList;
			buildConfigurations = (
				22F96C671EFBD304000DF15B /* Debug */,
				22F96C681EFBD304000DF15B /* Release */,
			);
			defaultConfigurationIsVisible = 0;
			defaultConfigurationName = Release;
		};
/* End XCConfigurationList section */
	};
	rootObject = 22F96C4C1EFBD304000DF15B /* Project object */;
}
