// !$*UTF8*$!
{
	archiveVersion = 1;
	classes = {
	};
	objectVersion = 46;
	objects = {

/* Begin PBXBuildFile section */
		04F759C0BFD0E4FD4C960CE7 /* Pods_GalleryGuide.framework in Frameworks */ = {isa = PBXBuildFile; fileRef = 6FCC0F1485243CA56967BD6E /* Pods_GalleryGuide.framework */; };
		220CF5AA1F0692A8006C6825 /* ArtworkDetailsViewController.swift in Sources */ = {isa = PBXBuildFile; fileRef = 220CF5A91F0692A8006C6825 /* ArtworkDetailsViewController.swift */; };
		220CF5AC1F06F300006C6825 /* FacebookLoginViewController.swift in Sources */ = {isa = PBXBuildFile; fileRef = 220CF5AB1F06F300006C6825 /* FacebookLoginViewController.swift */; };
		2239DAF71EE6F3BB003F4F80 /* ExhibitionModel.swift in Sources */ = {isa = PBXBuildFile; fileRef = 2239DAF61EE6F3BB003F4F80 /* ExhibitionModel.swift */; };
		2239DAFA1EE6F3EB003F4F80 /* LoadingViewController.swift in Sources */ = {isa = PBXBuildFile; fileRef = 2239DAF91EE6F3EB003F4F80 /* LoadingViewController.swift */; };
		2239DAFC1EE6F41A003F4F80 /* ExhibitionsViewController.swift in Sources */ = {isa = PBXBuildFile; fileRef = 2239DAFB1EE6F41A003F4F80 /* ExhibitionsViewController.swift */; };
		2239DAFE1EE7085B003F4F80 /* DetailsViewController.swift in Sources */ = {isa = PBXBuildFile; fileRef = 2239DAFD1EE7085B003F4F80 /* DetailsViewController.swift */; };
		22555B871EFBEAFC008AC205 /* RequestSender.swift in Sources */ = {isa = PBXBuildFile; fileRef = 22555B861EFBEAFC008AC205 /* RequestSender.swift */; };
		22555B8B1F0117C8008AC205 /* TableViewCell.swift in Sources */ = {isa = PBXBuildFile; fileRef = 22555B8A1F0117C8008AC205 /* TableViewCell.swift */; };
		22555B8E1F027692008AC205 /* Main.storyboard in Resources */ = {isa = PBXBuildFile; fileRef = 22555B8C1F027692008AC205 /* Main.storyboard */; };
		22664D281EDF2C5800AAFCB9 /* ExhibitionVO.swift in Sources */ = {isa = PBXBuildFile; fileRef = 22664D271EDF2C5800AAFCB9 /* ExhibitionVO.swift */; };
		22664D2A1EDF2D7B00AAFCB9 /* DataLoader.swift in Sources */ = {isa = PBXBuildFile; fileRef = 22664D291EDF2D7B00AAFCB9 /* DataLoader.swift */; };
		22664D341EDF3F1800AAFCB9 /* GalleryVO.swift in Sources */ = {isa = PBXBuildFile; fileRef = 22664D331EDF3F1800AAFCB9 /* GalleryVO.swift */; };
		22664D381EE2BB5F00AAFCB9 /* WorkVO.swift in Sources */ = {isa = PBXBuildFile; fileRef = 22664D371EE2BB5F00AAFCB9 /* WorkVO.swift */; };
		22A459CE1F03C4F200643784 /* ExhibitionImagesCollectionViewCell.swift in Sources */ = {isa = PBXBuildFile; fileRef = 22A459CD1F03C4F200643784 /* ExhibitionImagesCollectionViewCell.swift */; };
		22CF43B71ED5FFCF0038A7CE /* AppDelegate.swift in Sources */ = {isa = PBXBuildFile; fileRef = 22CF43B61ED5FFCF0038A7CE /* AppDelegate.swift */; };
		22CF43B91ED5FFCF0038A7CE /* ViewController.swift in Sources */ = {isa = PBXBuildFile; fileRef = 22CF43B81ED5FFCF0038A7CE /* ViewController.swift */; };
		22CF43BE1ED5FFCF0038A7CE /* Assets.xcassets in Resources */ = {isa = PBXBuildFile; fileRef = 22CF43BD1ED5FFCF0038A7CE /* Assets.xcassets */; };
		22CF43C11ED5FFCF0038A7CE /* LaunchScreen.storyboard in Resources */ = {isa = PBXBuildFile; fileRef = 22CF43BF1ED5FFCF0038A7CE /* LaunchScreen.storyboard */; };
/* End PBXBuildFile section */

/* Begin PBXFileReference section */
		220CF5A91F0692A8006C6825 /* ArtworkDetailsViewController.swift */ = {isa = PBXFileReference; fileEncoding = 4; lastKnownFileType = sourcecode.swift; path = ArtworkDetailsViewController.swift; sourceTree = "<group>"; };
		220CF5AB1F06F300006C6825 /* FacebookLoginViewController.swift */ = {isa = PBXFileReference; fileEncoding = 4; lastKnownFileType = sourcecode.swift; path = FacebookLoginViewController.swift; sourceTree = "<group>"; };
		2239DAF61EE6F3BB003F4F80 /* ExhibitionModel.swift */ = {isa = PBXFileReference; fileEncoding = 4; lastKnownFileType = sourcecode.swift; path = ExhibitionModel.swift; sourceTree = "<group>"; };
		2239DAF91EE6F3EB003F4F80 /* LoadingViewController.swift */ = {isa = PBXFileReference; fileEncoding = 4; lastKnownFileType = sourcecode.swift; path = LoadingViewController.swift; sourceTree = "<group>"; };
		2239DAFB1EE6F41A003F4F80 /* ExhibitionsViewController.swift */ = {isa = PBXFileReference; fileEncoding = 4; lastKnownFileType = sourcecode.swift; path = ExhibitionsViewController.swift; sourceTree = "<group>"; };
		2239DAFD1EE7085B003F4F80 /* DetailsViewController.swift */ = {isa = PBXFileReference; fileEncoding = 4; lastKnownFileType = sourcecode.swift; path = DetailsViewController.swift; sourceTree = "<group>"; };
		22555B861EFBEAFC008AC205 /* RequestSender.swift */ = {isa = PBXFileReference; fileEncoding = 4; lastKnownFileType = sourcecode.swift; path = RequestSender.swift; sourceTree = "<group>"; };
		22555B8A1F0117C8008AC205 /* TableViewCell.swift */ = {isa = PBXFileReference; fileEncoding = 4; lastKnownFileType = sourcecode.swift; path = TableViewCell.swift; sourceTree = "<group>"; };
		22555B8D1F027692008AC205 /* Base */ = {isa = PBXFileReference; lastKnownFileType = file.storyboard; name = Base; path = Base.lproj/Main.storyboard; sourceTree = "<group>"; };
		22664D271EDF2C5800AAFCB9 /* ExhibitionVO.swift */ = {isa = PBXFileReference; fileEncoding = 4; lastKnownFileType = sourcecode.swift; path = ExhibitionVO.swift; sourceTree = "<group>"; };
		22664D291EDF2D7B00AAFCB9 /* DataLoader.swift */ = {isa = PBXFileReference; fileEncoding = 4; lastKnownFileType = sourcecode.swift; path = DataLoader.swift; sourceTree = "<group>"; };
		22664D331EDF3F1800AAFCB9 /* GalleryVO.swift */ = {isa = PBXFileReference; fileEncoding = 4; lastKnownFileType = sourcecode.swift; path = GalleryVO.swift; sourceTree = "<group>"; };
		22664D371EE2BB5F00AAFCB9 /* WorkVO.swift */ = {isa = PBXFileReference; fileEncoding = 4; lastKnownFileType = sourcecode.swift; path = WorkVO.swift; sourceTree = "<group>"; };
		22A459CD1F03C4F200643784 /* ExhibitionImagesCollectionViewCell.swift */ = {isa = PBXFileReference; fileEncoding = 4; lastKnownFileType = sourcecode.swift; path = ExhibitionImagesCollectionViewCell.swift; sourceTree = "<group>"; };
		22CF43B31ED5FFCF0038A7CE /* GalleryGuide.app */ = {isa = PBXFileReference; explicitFileType = wrapper.application; includeInIndex = 0; path = GalleryGuide.app; sourceTree = BUILT_PRODUCTS_DIR; };
		22CF43B61ED5FFCF0038A7CE /* AppDelegate.swift */ = {isa = PBXFileReference; lastKnownFileType = sourcecode.swift; path = AppDelegate.swift; sourceTree = "<group>"; };
		22CF43B81ED5FFCF0038A7CE /* ViewController.swift */ = {isa = PBXFileReference; lastKnownFileType = sourcecode.swift; path = ViewController.swift; sourceTree = "<group>"; };
		22CF43BD1ED5FFCF0038A7CE /* Assets.xcassets */ = {isa = PBXFileReference; lastKnownFileType = folder.assetcatalog; path = Assets.xcassets; sourceTree = "<group>"; };
		22CF43C01ED5FFCF0038A7CE /* Base */ = {isa = PBXFileReference; lastKnownFileType = file.storyboard; name = Base; path = Base.lproj/LaunchScreen.storyboard; sourceTree = "<group>"; };
		22CF43C21ED5FFCF0038A7CE /* Info.plist */ = {isa = PBXFileReference; lastKnownFileType = text.plist.xml; path = Info.plist; sourceTree = "<group>"; };
		6FCC0F1485243CA56967BD6E /* Pods_GalleryGuide.framework */ = {isa = PBXFileReference; explicitFileType = wrapper.framework; includeInIndex = 0; path = Pods_GalleryGuide.framework; sourceTree = BUILT_PRODUCTS_DIR; };
		E9D5AF079341716D964CCB53 /* Pods-GalleryGuide.release.xcconfig */ = {isa = PBXFileReference; includeInIndex = 1; lastKnownFileType = text.xcconfig; name = "Pods-GalleryGuide.release.xcconfig"; path = "Pods/Target Support Files/Pods-GalleryGuide/Pods-GalleryGuide.release.xcconfig"; sourceTree = "<group>"; };
		F36B36AD9BC32E6ADD83666B /* Pods-GalleryGuide.debug.xcconfig */ = {isa = PBXFileReference; includeInIndex = 1; lastKnownFileType = text.xcconfig; name = "Pods-GalleryGuide.debug.xcconfig"; path = "Pods/Target Support Files/Pods-GalleryGuide/Pods-GalleryGuide.debug.xcconfig"; sourceTree = "<group>"; };
/* End PBXFileReference section */

/* Begin PBXFrameworksBuildPhase section */
		22CF43B01ED5FFCF0038A7CE /* Frameworks */ = {
			isa = PBXFrameworksBuildPhase;
			buildActionMask = 2147483647;
			files = (
				04F759C0BFD0E4FD4C960CE7 /* Pods_GalleryGuide.framework in Frameworks */,
			);
			runOnlyForDeploymentPostprocessing = 0;
		};
/* End PBXFrameworksBuildPhase section */

/* Begin PBXGroup section */
		2239DAF51EE6F38D003F4F80 /* Model */ = {
			isa = PBXGroup;
			children = (
				2239DAF61EE6F3BB003F4F80 /* ExhibitionModel.swift */,
			);
			path = Model;
			sourceTree = "<group>";
		};
		2239DAF81EE6F3CB003F4F80 /* ViewControllers */ = {
			isa = PBXGroup;
			children = (
				2239DAF91EE6F3EB003F4F80 /* LoadingViewController.swift */,
				2239DAFB1EE6F41A003F4F80 /* ExhibitionsViewController.swift */,
				2239DAFD1EE7085B003F4F80 /* DetailsViewController.swift */,
				220CF5A91F0692A8006C6825 /* ArtworkDetailsViewController.swift */,
				22A459CD1F03C4F200643784 /* ExhibitionImagesCollectionViewCell.swift */,
				220CF5AB1F06F300006C6825 /* FacebookLoginViewController.swift */,
			);
			path = ViewControllers;
			sourceTree = "<group>";
		};
		22664D251EDF2B9800AAFCB9 /* API */ = {
			isa = PBXGroup;
			children = (
				22664D261EDF2C0B00AAFCB9 /* VO */,
				22664D291EDF2D7B00AAFCB9 /* DataLoader.swift */,
				22555B861EFBEAFC008AC205 /* RequestSender.swift */,
				22664D2B1EDF2E4C00AAFCB9 /* SupportingFiles */,
			);
			path = API;
			sourceTree = "<group>";
		};
		22664D261EDF2C0B00AAFCB9 /* VO */ = {
			isa = PBXGroup;
			children = (
				22664D271EDF2C5800AAFCB9 /* ExhibitionVO.swift */,
				22664D371EE2BB5F00AAFCB9 /* WorkVO.swift */,
				22664D331EDF3F1800AAFCB9 /* GalleryVO.swift */,
			);
			path = VO;
			sourceTree = "<group>";
		};
		22664D2B1EDF2E4C00AAFCB9 /* SupportingFiles */ = {
			isa = PBXGroup;
			children = (
				22CF43BF1ED5FFCF0038A7CE /* LaunchScreen.storyboard */,
				22CF43C21ED5FFCF0038A7CE /* Info.plist */,
				22CF43BD1ED5FFCF0038A7CE /* Assets.xcassets */,
				22CF43B81ED5FFCF0038A7CE /* ViewController.swift */,
				22CF43B61ED5FFCF0038A7CE /* AppDelegate.swift */,
				22555B8A1F0117C8008AC205 /* TableViewCell.swift */,
			);
			name = SupportingFiles;
			path = ..;
			sourceTree = "<group>";
		};
		22CF43AA1ED5FFCF0038A7CE = {
			isa = PBXGroup;
			children = (
				22CF43B51ED5FFCF0038A7CE /* GalleryGuide */,
				22CF43B41ED5FFCF0038A7CE /* Products */,
				C20480FCC2F44EFDC92F4EE1 /* Pods */,
				E5D74B9AC5711356F197C15A /* Frameworks */,
			);
			sourceTree = "<group>";
		};
		22CF43B41ED5FFCF0038A7CE /* Products */ = {
			isa = PBXGroup;
			children = (
				22CF43B31ED5FFCF0038A7CE /* GalleryGuide.app */,
			);
			name = Products;
			sourceTree = "<group>";
		};
		22CF43B51ED5FFCF0038A7CE /* GalleryGuide */ = {
			isa = PBXGroup;
			children = (
				2239DAF81EE6F3CB003F4F80 /* ViewControllers */,
				2239DAF51EE6F38D003F4F80 /* Model */,
				22664D251EDF2B9800AAFCB9 /* API */,
				22555B8C1F027692008AC205 /* Main.storyboard */,
			);
			path = GalleryGuide;
			sourceTree = "<group>";
		};
		C20480FCC2F44EFDC92F4EE1 /* Pods */ = {
			isa = PBXGroup;
			children = (
				F36B36AD9BC32E6ADD83666B /* Pods-GalleryGuide.debug.xcconfig */,
				E9D5AF079341716D964CCB53 /* Pods-GalleryGuide.release.xcconfig */,
			);
			name = Pods;
			sourceTree = "<group>";
		};
		E5D74B9AC5711356F197C15A /* Frameworks */ = {
			isa = PBXGroup;
			children = (
				6FCC0F1485243CA56967BD6E /* Pods_GalleryGuide.framework */,
			);
			name = Frameworks;
			sourceTree = "<group>";
		};
/* End PBXGroup section */

/* Begin PBXNativeTarget section */
		22CF43B21ED5FFCF0038A7CE /* GalleryGuide */ = {
			isa = PBXNativeTarget;
			buildConfigurationList = 22CF43C51ED5FFCF0038A7CE /* Build configuration list for PBXNativeTarget "GalleryGuide" */;
			buildPhases = (
				522E49113563250E7A0AB03B /* [CP] Check Pods Manifest.lock */,
				22CF43AF1ED5FFCF0038A7CE /* Sources */,
				22CF43B01ED5FFCF0038A7CE /* Frameworks */,
				22CF43B11ED5FFCF0038A7CE /* Resources */,
				817552D04C4ADEFCAB521CFF /* [CP] Embed Pods Frameworks */,
				468F65D0EF2253B9C148410B /* [CP] Copy Pods Resources */,
			);
			buildRules = (
			);
			dependencies = (
			);
			name = GalleryGuide;
			productName = GalleryGuide;
			productReference = 22CF43B31ED5FFCF0038A7CE /* GalleryGuide.app */;
			productType = "com.apple.product-type.application";
		};
/* End PBXNativeTarget section */

/* Begin PBXProject section */
		22CF43AB1ED5FFCF0038A7CE /* Project object */ = {
			isa = PBXProject;
			attributes = {
				LastSwiftUpdateCheck = 0830;
				LastUpgradeCheck = 0830;
				ORGANIZATIONNAME = Juliya;
				TargetAttributes = {
					22CF43B21ED5FFCF0038A7CE = {
						CreatedOnToolsVersion = 8.3.2;
						DevelopmentTeam = 2K7D2CJX45;
						ProvisioningStyle = Automatic;
					};
				};
			};
			buildConfigurationList = 22CF43AE1ED5FFCF0038A7CE /* Build configuration list for PBXProject "GalleryGuide" */;
			compatibilityVersion = "Xcode 3.2";
			developmentRegion = English;
			hasScannedForEncodings = 0;
			knownRegions = (
				en,
				Base,
			);
			mainGroup = 22CF43AA1ED5FFCF0038A7CE;
			productRefGroup = 22CF43B41ED5FFCF0038A7CE /* Products */;
			projectDirPath = "";
			projectRoot = "";
			targets = (
				22CF43B21ED5FFCF0038A7CE /* GalleryGuide */,
			);
		};
/* End PBXProject section */

/* Begin PBXResourcesBuildPhase section */
		22CF43B11ED5FFCF0038A7CE /* Resources */ = {
			isa = PBXResourcesBuildPhase;
			buildActionMask = 2147483647;
			files = (
				22555B8E1F027692008AC205 /* Main.storyboard in Resources */,
				22CF43C11ED5FFCF0038A7CE /* LaunchScreen.storyboard in Resources */,
				22CF43BE1ED5FFCF0038A7CE /* Assets.xcassets in Resources */,
			);
			runOnlyForDeploymentPostprocessing = 0;
		};
/* End PBXResourcesBuildPhase section */

/* Begin PBXShellScriptBuildPhase section */
		468F65D0EF2253B9C148410B /* [CP] Copy Pods Resources */ = {
			isa = PBXShellScriptBuildPhase;
			buildActionMask = 2147483647;
			files = (
			);
			inputPaths = (
			);
			name = "[CP] Copy Pods Resources";
			outputPaths = (
			);
			runOnlyForDeploymentPostprocessing = 0;
			shellPath = /bin/sh;
			shellScript = "\"${SRCROOT}/Pods/Target Support Files/Pods-GalleryGuide/Pods-GalleryGuide-resources.sh\"\n";
			showEnvVarsInLog = 0;
		};
		522E49113563250E7A0AB03B /* [CP] Check Pods Manifest.lock */ = {
			isa = PBXShellScriptBuildPhase;
			buildActionMask = 2147483647;
			files = (
			);
			inputPaths = (
			);
			name = "[CP] Check Pods Manifest.lock";
			outputPaths = (
			);
			runOnlyForDeploymentPostprocessing = 0;
			shellPath = /bin/sh;
			shellScript = "diff \"${PODS_PODFILE_DIR_PATH}/Podfile.lock\" \"${PODS_ROOT}/Manifest.lock\" > /dev/null\nif [ $? != 0 ] ; then\n    # print error to STDERR\n    echo \"error: The sandbox is not in sync with the Podfile.lock. Run 'pod install' or update your CocoaPods installation.\" >&2\n    exit 1\nfi\n";
			showEnvVarsInLog = 0;
		};
		817552D04C4ADEFCAB521CFF /* [CP] Embed Pods Frameworks */ = {
			isa = PBXShellScriptBuildPhase;
			buildActionMask = 2147483647;
			files = (
			);
			inputPaths = (
			);
			name = "[CP] Embed Pods Frameworks";
			outputPaths = (
			);
			runOnlyForDeploymentPostprocessing = 0;
			shellPath = /bin/sh;
			shellScript = "\"${SRCROOT}/Pods/Target Support Files/Pods-GalleryGuide/Pods-GalleryGuide-frameworks.sh\"\n";
			showEnvVarsInLog = 0;
		};
/* End PBXShellScriptBuildPhase section */

/* Begin PBXSourcesBuildPhase section */
		22CF43AF1ED5FFCF0038A7CE /* Sources */ = {
			isa = PBXSourcesBuildPhase;
			buildActionMask = 2147483647;
			files = (
				220CF5AA1F0692A8006C6825 /* ArtworkDetailsViewController.swift in Sources */,
				22664D2A1EDF2D7B00AAFCB9 /* DataLoader.swift in Sources */,
				220CF5AC1F06F300006C6825 /* FacebookLoginViewController.swift in Sources */,
				2239DAFC1EE6F41A003F4F80 /* ExhibitionsViewController.swift in Sources */,
				22664D341EDF3F1800AAFCB9 /* GalleryVO.swift in Sources */,
				2239DAF71EE6F3BB003F4F80 /* ExhibitionModel.swift in Sources */,
				2239DAFE1EE7085B003F4F80 /* DetailsViewController.swift in Sources */,
				22A459CE1F03C4F200643784 /* ExhibitionImagesCollectionViewCell.swift in Sources */,
				22664D281EDF2C5800AAFCB9 /* ExhibitionVO.swift in Sources */,
				2239DAFA1EE6F3EB003F4F80 /* LoadingViewController.swift in Sources */,
				22CF43B91ED5FFCF0038A7CE /* ViewController.swift in Sources */,
				22555B871EFBEAFC008AC205 /* RequestSender.swift in Sources */,
				22555B8B1F0117C8008AC205 /* TableViewCell.swift in Sources */,
				22CF43B71ED5FFCF0038A7CE /* AppDelegate.swift in Sources */,
				22664D381EE2BB5F00AAFCB9 /* WorkVO.swift in Sources */,
			);
			runOnlyForDeploymentPostprocessing = 0;
		};
/* End PBXSourcesBuildPhase section */

/* Begin PBXVariantGroup section */
		22555B8C1F027692008AC205 /* Main.storyboard */ = {
			isa = PBXVariantGroup;
			children = (
				22555B8D1F027692008AC205 /* Base */,
			);
			name = Main.storyboard;
			sourceTree = "<group>";
		};
		22CF43BF1ED5FFCF0038A7CE /* LaunchScreen.storyboard */ = {
			isa = PBXVariantGroup;
			children = (
				22CF43C01ED5FFCF0038A7CE /* Base */,
			);
			name = LaunchScreen.storyboard;
			sourceTree = "<group>";
		};
/* End PBXVariantGroup section */

/* Begin XCBuildConfiguration section */
		22CF43C31ED5FFCF0038A7CE /* Debug */ = {
			isa = XCBuildConfiguration;
			buildSettings = {
				ALWAYS_SEARCH_USER_PATHS = NO;
				CLANG_ANALYZER_NONNULL = YES;
				CLANG_ANALYZER_NUMBER_OBJECT_CONVERSION = YES_AGGRESSIVE;
				CLANG_CXX_LANGUAGE_STANDARD = "gnu++0x";
				CLANG_CXX_LIBRARY = "libc++";
				CLANG_ENABLE_MODULES = YES;
				CLANG_ENABLE_OBJC_ARC = YES;
				CLANG_WARN_BOOL_CONVERSION = YES;
				CLANG_WARN_CONSTANT_CONVERSION = YES;
				CLANG_WARN_DIRECT_OBJC_ISA_USAGE = YES_ERROR;
				CLANG_WARN_DOCUMENTATION_COMMENTS = YES;
				CLANG_WARN_EMPTY_BODY = YES;
				CLANG_WARN_ENUM_CONVERSION = YES;
				CLANG_WARN_INFINITE_RECURSION = YES;
				CLANG_WARN_INT_CONVERSION = YES;
				CLANG_WARN_OBJC_ROOT_CLASS = YES_ERROR;
				CLANG_WARN_SUSPICIOUS_MOVE = YES;
				CLANG_WARN_UNREACHABLE_CODE = YES;
				CLANG_WARN__DUPLICATE_METHOD_MATCH = YES;
				"CODE_SIGN_IDENTITY[sdk=iphoneos*]" = "iPhone Developer";
				COPY_PHASE_STRIP = NO;
				DEBUG_INFORMATION_FORMAT = dwarf;
				ENABLE_STRICT_OBJC_MSGSEND = YES;
				ENABLE_TESTABILITY = YES;
				GCC_C_LANGUAGE_STANDARD = gnu99;
				GCC_DYNAMIC_NO_PIC = NO;
				GCC_NO_COMMON_BLOCKS = YES;
				GCC_OPTIMIZATION_LEVEL = 0;
				GCC_PREPROCESSOR_DEFINITIONS = (
					"DEBUG=1",
					"$(inherited)",
				);
				GCC_WARN_64_TO_32_BIT_CONVERSION = YES;
				GCC_WARN_ABOUT_RETURN_TYPE = YES_ERROR;
				GCC_WARN_UNDECLARED_SELECTOR = YES;
				GCC_WARN_UNINITIALIZED_AUTOS = YES_AGGRESSIVE;
				GCC_WARN_UNUSED_FUNCTION = YES;
				GCC_WARN_UNUSED_VARIABLE = YES;
				IPHONEOS_DEPLOYMENT_TARGET = 10.3;
				MTL_ENABLE_DEBUG_INFO = YES;
				ONLY_ACTIVE_ARCH = YES;
				SDKROOT = iphoneos;
				SWIFT_ACTIVE_COMPILATION_CONDITIONS = DEBUG;
				SWIFT_OPTIMIZATION_LEVEL = "-Onone";
			};
			name = Debug;
		};
		22CF43C41ED5FFCF0038A7CE /* Release */ = {
			isa = XCBuildConfiguration;
			buildSettings = {
				ALWAYS_SEARCH_USER_PATHS = NO;
				CLANG_ANALYZER_NONNULL = YES;
				CLANG_ANALYZER_NUMBER_OBJECT_CONVERSION = YES_AGGRESSIVE;
				CLANG_CXX_LANGUAGE_STANDARD = "gnu++0x";
				CLANG_CXX_LIBRARY = "libc++";
				CLANG_ENABLE_MODULES = YES;
				CLANG_ENABLE_OBJC_ARC = YES;
				CLANG_WARN_BOOL_CONVERSION = YES;
				CLANG_WARN_CONSTANT_CONVERSION = YES;
				CLANG_WARN_DIRECT_OBJC_ISA_USAGE = YES_ERROR;
				CLANG_WARN_DOCUMENTATION_COMMENTS = YES;
				CLANG_WARN_EMPTY_BODY = YES;
				CLANG_WARN_ENUM_CONVERSION = YES;
				CLANG_WARN_INFINITE_RECURSION = YES;
				CLANG_WARN_INT_CONVERSION = YES;
				CLANG_WARN_OBJC_ROOT_CLASS = YES_ERROR;
				CLANG_WARN_SUSPICIOUS_MOVE = YES;
				CLANG_WARN_UNREACHABLE_CODE = YES;
				CLANG_WARN__DUPLICATE_METHOD_MATCH = YES;
				"CODE_SIGN_IDENTITY[sdk=iphoneos*]" = "iPhone Developer";
				COPY_PHASE_STRIP = NO;
				DEBUG_INFORMATION_FORMAT = "dwarf-with-dsym";
				ENABLE_NS_ASSERTIONS = NO;
				ENABLE_STRICT_OBJC_MSGSEND = YES;
				GCC_C_LANGUAGE_STANDARD = gnu99;
				GCC_NO_COMMON_BLOCKS = YES;
				GCC_WARN_64_TO_32_BIT_CONVERSION = YES;
				GCC_WARN_ABOUT_RETURN_TYPE = YES_ERROR;
				GCC_WARN_UNDECLARED_SELECTOR = YES;
				GCC_WARN_UNINITIALIZED_AUTOS = YES_AGGRESSIVE;
				GCC_WARN_UNUSED_FUNCTION = YES;
				GCC_WARN_UNUSED_VARIABLE = YES;
				IPHONEOS_DEPLOYMENT_TARGET = 10.3;
				MTL_ENABLE_DEBUG_INFO = NO;
				SDKROOT = iphoneos;
				SWIFT_OPTIMIZATION_LEVEL = "-Owholemodule";
				VALIDATE_PRODUCT = YES;
			};
			name = Release;
		};
		22CF43C61ED5FFCF0038A7CE /* Debug */ = {
			isa = XCBuildConfiguration;
			baseConfigurationReference = F36B36AD9BC32E6ADD83666B /* Pods-GalleryGuide.debug.xcconfig */;
			buildSettings = {
				ASSETCATALOG_COMPILER_APPICON_NAME = AppIcon;
				DEVELOPMENT_TEAM = 2K7D2CJX45;
				INFOPLIST_FILE = GalleryGuide/Info.plist;
				LD_RUNPATH_SEARCH_PATHS = "$(inherited) @executable_path/Frameworks";
				PRODUCT_BUNDLE_IDENTIFIER = com.GG.GalleryGuide;
				PRODUCT_NAME = "$(TARGET_NAME)";
				SWIFT_VERSION = 3.0;
			};
			name = Debug;
		};
		22CF43C71ED5FFCF0038A7CE /* Release */ = {
			isa = XCBuildConfiguration;
			baseConfigurationReference = E9D5AF079341716D964CCB53 /* Pods-GalleryGuide.release.xcconfig */;
			buildSettings = {
				ASSETCATALOG_COMPILER_APPICON_NAME = AppIcon;
				DEVELOPMENT_TEAM = 2K7D2CJX45;
				INFOPLIST_FILE = GalleryGuide/Info.plist;
				LD_RUNPATH_SEARCH_PATHS = "$(inherited) @executable_path/Frameworks";
				PRODUCT_BUNDLE_IDENTIFIER = com.GG.GalleryGuide;
				PRODUCT_NAME = "$(TARGET_NAME)";
				SWIFT_VERSION = 3.0;
			};
			name = Release;
		};
/* End XCBuildConfiguration section */

/* Begin XCConfigurationList section */
		22CF43AE1ED5FFCF0038A7CE /* Build configuration list for PBXProject "GalleryGuide" */ = {
			isa = XCConfigurationList;
			buildConfigurations = (
				22CF43C31ED5FFCF0038A7CE /* Debug */,
				22CF43C41ED5FFCF0038A7CE /* Release */,
			);
			defaultConfigurationIsVisible = 0;
			defaultConfigurationName = Release;
		};
		22CF43C51ED5FFCF0038A7CE /* Build configuration list for PBXNativeTarget "GalleryGuide" */ = {
			isa = XCConfigurationList;
			buildConfigurations = (
				22CF43C61ED5FFCF0038A7CE /* Debug */,
				22CF43C71ED5FFCF0038A7CE /* Release */,
			);
			defaultConfigurationIsVisible = 0;
			defaultConfigurationName = Release;
		};
/* End XCConfigurationList section */
	};
	rootObject = 22CF43AB1ED5FFCF0038A7CE /* Project object */;
}
